
Microsoft Visual Studio Solution File, Format Version 12.00
# Visual Studio Version 16
VisualStudioVersion = 16.0.31613.86
MinimumVisualStudioVersion = 10.0.40219.1
Project("{FAE04EC0-301F-11D3-BF4B-00C04F79EFBC}") = "Challenge.PreAcel", "Challenge.PreAcel.csproj", "{06545FEA-D196-46AA-8072-2B754FE4ED38}"
EndProject
Global
	GlobalSection(SolutionConfigurationPlatforms) = preSolution
		Debug|Any CPU = Debug|Any CPU
		Release|Any CPU = Release|Any CPU
	EndGlobalSection
	GlobalSection(ProjectConfigurationPlatforms) = postSolution
		{06545FEA-D196-46AA-8072-2B754FE4ED38}.Debug|Any CPU.ActiveCfg = Debug|Any CPU
		{06545FEA-D196-46AA-8072-2B754FE4ED38}.Debug|Any CPU.Build.0 = Debug|Any CPU
		{06545FEA-D196-46AA-8072-2B754FE4ED38}.Release|Any CPU.ActiveCfg = Release|Any CPU
		{06545FEA-D196-46AA-8072-2B754FE4ED38}.Release|Any CPU.Build.0 = Release|Any CPU
	EndGlobalSection
	GlobalSection(SolutionProperties) = preSolution
		HideSolutionNode = FALSE
	EndGlobalSection
	GlobalSection(ExtensibilityGlobals) = postSolution
		SolutionGuid = {B56DCE9A-80FE-4679-8D44-464EDECC289A}
	EndGlobalSection
EndGlobal
